
Microsoft Visual Studio Solution File, Format Version 12.00
# Visual Studio 15
VisualStudioVersion = 15.0.27428.2015
MinimumVisualStudioVersion = 10.0.40219.1
Project("{FAE04EC0-301F-11D3-BF4B-00C04F79EFBC}") = "yeti.mmedia", "yeti.mmedia\yeti.mmedia.csproj", "{315EE7BF-EAE2-42C0-BFC6-CCA9160F3CFE}"
EndProject
Project("{FAE04EC0-301F-11D3-BF4B-00C04F79EFBC}") = "yeti.mp3", "yeti.mp3\yeti.mp3.csproj", "{B564FD33-FA50-46B2-B669-2D83DE3AF5E4}"
EndProject
Project("{FAE04EC0-301F-11D3-BF4B-00C04F79EFBC}") = "Istrib.Sound", "Istrib.Sound\Istrib.Sound.csproj", "{C7A09BB1-B85C-4993-8BFE-3974730BF9FD}"
EndProject
Project("{FAE04EC0-301F-11D3-BF4B-00C04F79EFBC}") = "Istrib.Sound.Mp3", "Istrib.Sound.Mp3\Istrib.Sound.Mp3.csproj", "{B8121AF1-89F4-4E8D-AC38-AF314D6276AB}"
EndProject
Project("{FAE04EC0-301F-11D3-BF4B-00C04F79EFBC}") = "RJsimpson", "RJsimpson\RJsimpson.csproj", "{8548C3E1-5033-4FC4-8807-1F158A27131C}"
EndProject
Global
	GlobalSection(SolutionConfigurationPlatforms) = preSolution
		Debug|Any CPU = Debug|Any CPU
		Debug|x86 = Debug|x86
		Release|Any CPU = Release|Any CPU
		Release|x86 = Release|x86
	EndGlobalSection
	GlobalSection(ProjectConfigurationPlatforms) = postSolution
		{315EE7BF-EAE2-42C0-BFC6-CCA9160F3CFE}.Debug|Any CPU.ActiveCfg = Debug|Any CPU
		{315EE7BF-EAE2-42C0-BFC6-CCA9160F3CFE}.Debug|Any CPU.Build.0 = Debug|Any CPU
		{315EE7BF-EAE2-42C0-BFC6-CCA9160F3CFE}.Debug|x86.ActiveCfg = Debug|Any CPU
		{315EE7BF-EAE2-42C0-BFC6-CCA9160F3CFE}.Debug|x86.Build.0 = Debug|Any CPU
		{315EE7BF-EAE2-42C0-BFC6-CCA9160F3CFE}.Release|Any CPU.ActiveCfg = Release|Any CPU
		{315EE7BF-EAE2-42C0-BFC6-CCA9160F3CFE}.Release|Any CPU.Build.0 = Release|Any CPU
		{315EE7BF-EAE2-42C0-BFC6-CCA9160F3CFE}.Release|x86.ActiveCfg = Release|Any CPU
		{315EE7BF-EAE2-42C0-BFC6-CCA9160F3CFE}.Release|x86.Build.0 = Release|Any CPU
		{B564FD33-FA50-46B2-B669-2D83DE3AF5E4}.Debug|Any CPU.ActiveCfg = Debug|Any CPU
		{B564FD33-FA50-46B2-B669-2D83DE3AF5E4}.Debug|Any CPU.Build.0 = Debug|Any CPU
		{B564FD33-FA50-46B2-B669-2D83DE3AF5E4}.Debug|x86.ActiveCfg = Debug|Any CPU
		{B564FD33-FA50-46B2-B669-2D83DE3AF5E4}.Debug|x86.Build.0 = Debug|Any CPU
		{B564FD33-FA50-46B2-B669-2D83DE3AF5E4}.Release|Any CPU.ActiveCfg = Release|Any CPU
		{B564FD33-FA50-46B2-B669-2D83DE3AF5E4}.Release|Any CPU.Build.0 = Release|Any CPU
		{B564FD33-FA50-46B2-B669-2D83DE3AF5E4}.Release|x86.ActiveCfg = Release|Any CPU
		{B564FD33-FA50-46B2-B669-2D83DE3AF5E4}.Release|x86.Build.0 = Release|Any CPU
		{C7A09BB1-B85C-4993-8BFE-3974730BF9FD}.Debug|Any CPU.ActiveCfg = Debug|Any CPU
		{C7A09BB1-B85C-4993-8BFE-3974730BF9FD}.Debug|Any CPU.Build.0 = Debug|Any CPU
		{C7A09BB1-B85C-4993-8BFE-3974730BF9FD}.Debug|x86.ActiveCfg = Debug|Any CPU
		{C7A09BB1-B85C-4993-8BFE-3974730BF9FD}.Debug|x86.Build.0 = Debug|Any CPU
		{C7A09BB1-B85C-4993-8BFE-3974730BF9FD}.Release|Any CPU.ActiveCfg = Release|Any CPU
		{C7A09BB1-B85C-4993-8BFE-3974730BF9FD}.Release|Any CPU.Build.0 = Release|Any CPU
		{C7A09BB1-B85C-4993-8BFE-3974730BF9FD}.Release|x86.ActiveCfg = Release|Any CPU
		{C7A09BB1-B85C-4993-8BFE-3974730BF9FD}.Release|x86.Build.0 = Release|Any CPU
		{B8121AF1-89F4-4E8D-AC38-AF314D6276AB}.Debug|Any CPU.ActiveCfg = Debug|Any CPU
		{B8121AF1-89F4-4E8D-AC38-AF314D6276AB}.Debug|Any CPU.Build.0 = Debug|Any CPU
		{B8121AF1-89F4-4E8D-AC38-AF314D6276AB}.Debug|x86.ActiveCfg = Debug|Any CPU
		{B8121AF1-89F4-4E8D-AC38-AF314D6276AB}.Debug|x86.Build.0 = Debug|Any CPU
		{B8121AF1-89F4-4E8D-AC38-AF314D6276AB}.Release|Any CPU.ActiveCfg = Release|Any CPU
		{B8121AF1-89F4-4E8D-AC38-AF314D6276AB}.Release|Any CPU.Build.0 = Release|Any CPU
		{B8121AF1-89F4-4E8D-AC38-AF314D6276AB}.Release|x86.ActiveCfg = Release|Any CPU
		{B8121AF1-89F4-4E8D-AC38-AF314D6276AB}.Release|x86.Build.0 = Release|Any CPU
		{8548C3E1-5033-4FC4-8807-1F158A27131C}.Debug|Any CPU.ActiveCfg = Debug|Any CPU
		{8548C3E1-5033-4FC4-8807-1F158A27131C}.Debug|Any CPU.Build.0 = Debug|Any CPU
		{8548C3E1-5033-4FC4-8807-1F158A27131C}.Debug|x86.ActiveCfg = Debug|Any CPU
		{8548C3E1-5033-4FC4-8807-1F158A27131C}.Debug|x86.Build.0 = Debug|Any CPU
		{8548C3E1-5033-4FC4-8807-1F158A27131C}.Release|Any CPU.ActiveCfg = Release|Any CPU
		{8548C3E1-5033-4FC4-8807-1F158A27131C}.Release|Any CPU.Build.0 = Release|Any CPU
		{8548C3E1-5033-4FC4-8807-1F158A27131C}.Release|x86.ActiveCfg = Release|Any CPU
		{8548C3E1-5033-4FC4-8807-1F158A27131C}.Release|x86.Build.0 = Release|Any CPU
	EndGlobalSection
	GlobalSection(SolutionProperties) = preSolution
		HideSolutionNode = FALSE
	EndGlobalSection
	GlobalSection(ExtensibilityGlobals) = postSolution
		SolutionGuid = {04EA3191-BCE6-4BA2-AAE9-4BB460CF4BBA}
	EndGlobalSection
EndGlobal
